
Microsoft Visual Studio Solution File, Format Version 12.00
# Visual Studio Version 17
VisualStudioVersion = 17.3.32819.101
MinimumVisualStudioVersion = 10.0.40219.1
Project("{FAE04EC0-301F-11D3-BF4B-00C04F79EFBC}") = "FormForWrite", "WindowsFormsApp1\FormForWrite.csproj", "{7C0666CB-D2E1-4E62-AF68-0E889D48C944}"
EndProject
Project("{FAE04EC0-301F-11D3-BF4B-00C04F79EFBC}") = "TestForSitec", "TestForSitec\TestForSitec.csproj", "{7C21E805-8C1B-4AF0-AD65-B97777103AC6}"
EndProject
Global
	GlobalSection(SolutionConfigurationPlatforms) = preSolution
		Debug|Any CPU = Debug|Any CPU
		Release|Any CPU = Release|Any CPU
	EndGlobalSection
	GlobalSection(ProjectConfigurationPlatforms) = postSolution
		{7C0666CB-D2E1-4E62-AF68-0E889D48C944}.Debug|Any CPU.ActiveCfg = Debug|Any CPU
		{7C0666CB-D2E1-4E62-AF68-0E889D48C944}.Debug|Any CPU.Build.0 = Debug|Any CPU
		{7C0666CB-D2E1-4E62-AF68-0E889D48C944}.Release|Any CPU.ActiveCfg = Release|Any CPU
		{7C0666CB-D2E1-4E62-AF68-0E889D48C944}.Release|Any CPU.Build.0 = Release|Any CPU
		{7C21E805-8C1B-4AF0-AD65-B97777103AC6}.Debug|Any CPU.ActiveCfg = Debug|Any CPU
		{7C21E805-8C1B-4AF0-AD65-B97777103AC6}.Debug|Any CPU.Build.0 = Debug|Any CPU
		{7C21E805-8C1B-4AF0-AD65-B97777103AC6}.Release|Any CPU.ActiveCfg = Release|Any CPU
		{7C21E805-8C1B-4AF0-AD65-B97777103AC6}.Release|Any CPU.Build.0 = Release|Any CPU
	EndGlobalSection
	GlobalSection(SolutionProperties) = preSolution
		HideSolutionNode = FALSE
	EndGlobalSection
	GlobalSection(ExtensibilityGlobals) = postSolution
		SolutionGuid = {6C2B8F51-3C31-4CE4-BBEC-F1AB6106F881}
	EndGlobalSection
EndGlobal
